{
  "name": "etroll-sitemap-generator",
  "version": "1.0.0",
  "lockfileVersion": 1,
  "requires": true,
  "dependencies": {
    "@types/node": {
      "version": "17.0.17",
      "resolved": "https://registry.npmjs.org/@types/node/-/node-17.0.17.tgz",
      "integrity": "sha512-e8PUNQy1HgJGV3iU/Bp2+D/DXh3PYeyli8LgIwsQcs1Ar1LoaWHSIT6Rw+H2rNJmiq6SNWiDytfx8+gYj7wDHw=="
    },
    "@types/sax": {
      "version": "1.2.4",
      "resolved": "https://registry.npmjs.org/@types/sax/-/sax-1.2.4.tgz",
      "integrity": "sha512-pSAff4IAxJjfAXUG6tFkO7dsSbTmf8CtUpfhhZ5VhkRpC4628tJhh3+V6H1E+/Gs9piSzYKT5yzHO5M4GG9jkw==",
      "requires": {
        "@types/node": "*"
      }
    },
    "arg": {
      "version": "5.0.1",
      "resolved": "https://registry.npmjs.org/arg/-/arg-5.0.1.tgz",
      "integrity": "sha512-e0hDa9H2Z9AwFkk2qDlwhoMYE4eToKarchkQHovNdLTCYMHZHeRjI71crOh+dio4K6u1IcwubQqo79Ga4CyAQA=="
    },
    "fs": {
      "version": "0.0.1-security",
      "resolved": "https://registry.npmjs.org/fs/-/fs-0.0.1-security.tgz",
      "integrity": "sha1-invTcYa23d84E/I4WLV+yq9eQdQ="
    },
    "node-fetch": {
      "version": "2.6.7",
      "resolved": "https://registry.npmjs.org/node-fetch/-/node-fetch-2.6.7.tgz",
      "integrity": "sha512-ZjMPFEfVx5j+y2yF35Kzx5sF7kDzxuDj6ziH4FFbOp87zKDZNx8yExJIb05OGF4Nlt9IHFIMBkRl41VdvcNdbQ==",
      "requires": {
        "whatwg-url": "^5.0.0"
      }
    },
    "sax": {
      "version": "1.2.4",
      "resolved": "https://registry.npmjs.org/sax/-/sax-1.2.4.tgz",
      "integrity": "sha512-NqVDv9TpANUjFm0N8uM5GxL36UgKi9/atZw+x7YFnQ8ckwFGKrl4xX4yWtrey3UJm5nP1kUbnYgLopqWNSRhWw=="
    },
    "sitemap": {
      "version": "7.1.1",
      "resolved": "https://registry.npmjs.org/sitemap/-/sitemap-7.1.1.tgz",
      "integrity": "sha512-mK3aFtjz4VdJN0igpIJrinf3EO8U8mxOPsTBzSsy06UtjZQJ3YY3o3Xa7zSc5nMqcMrRwlChHZ18Kxg0caiPBg==",
      "requires": {
        "@types/node": "^17.0.5",
        "@types/sax": "^1.2.1",
        "arg": "^5.0.0",
        "sax": "^1.2.4"
      }
    },
    "tr46": {
      "version": "0.0.3",
      "resolved": "https://registry.npmjs.org/tr46/-/tr46-0.0.3.tgz",
      "integrity": "sha1-gYT9NH2snNwYWZLzpmIuFLnZq2o="
    },
    "webidl-conversions": {
      "version": "3.0.1",
      "resolved": "https://registry.npmjs.org/webidl-conversions/-/webidl-conversions-3.0.1.tgz",
      "integrity": "sha1-JFNCdeKnvGvnvIZhHMFq4KVlSHE="
    },
    "whatwg-url": {
      "version": "5.0.0",
      "resolved": "https://registry.npmjs.org/whatwg-url/-/whatwg-url-5.0.0.tgz",
      "integrity": "sha1-lmRU6HZUYuN2RNNib2dCzotwll0=",
      "requires": {
        "tr46": "~0.0.3",
        "webidl-conversions": "^3.0.0"
      }
    },
    "xml-writer": {
      "version": "1.7.0",
      "resolved": "https://registry.npmjs.org/xml-writer/-/xml-writer-1.7.0.tgz",
      "integrity": "sha1-t28dWRwWomNOvbcDx729D9aBkGU="
    }
  }
}
